
Microsoft Visual Studio Solution File, Format Version 12.00
# Visual Studio Version 17
VisualStudioVersion = 17.14.36623.8
MinimumVisualStudioVersion = 10.0.40219.1
Project("{FAE04EC0-301F-11D3-BF4B-00C04F79EFBC}") = "hakaton2", "hakaton2\hakaton2.csproj", "{1243F6D5-1826-4792-82C7-23AAFF44746F}"
EndProject
Project("{FAE04EC0-301F-11D3-BF4B-00C04F79EFBC}") = "hakaton2.dataAccess", "hakaton2.dataAccess\hakaton2.dataAccess.csproj", "{04D1321E-EF38-4457-8C29-791C39035468}"
EndProject
Global
	GlobalSection(SolutionConfigurationPlatforms) = preSolution
		Debug|Any CPU = Debug|Any CPU
		Release|Any CPU = Release|Any CPU
	EndGlobalSection
	GlobalSection(ProjectConfigurationPlatforms) = postSolution
		{1243F6D5-1826-4792-82C7-23AAFF44746F}.Debug|Any CPU.ActiveCfg = Debug|Any CPU
		{1243F6D5-1826-4792-82C7-23AAFF44746F}.Debug|Any CPU.Build.0 = Debug|Any CPU
		{1243F6D5-1826-4792-82C7-23AAFF44746F}.Release|Any CPU.ActiveCfg = Release|Any CPU
		{1243F6D5-1826-4792-82C7-23AAFF44746F}.Release|Any CPU.Build.0 = Release|Any CPU
		{04D1321E-EF38-4457-8C29-791C39035468}.Debug|Any CPU.ActiveCfg = Debug|Any CPU
		{04D1321E-EF38-4457-8C29-791C39035468}.Debug|Any CPU.Build.0 = Debug|Any CPU
		{04D1321E-EF38-4457-8C29-791C39035468}.Release|Any CPU.ActiveCfg = Release|Any CPU
		{04D1321E-EF38-4457-8C29-791C39035468}.Release|Any CPU.Build.0 = Release|Any CPU
	EndGlobalSection
	GlobalSection(SolutionProperties) = preSolution
		HideSolutionNode = FALSE
	EndGlobalSection
	GlobalSection(ExtensibilityGlobals) = postSolution
		SolutionGuid = {A0646B50-8F6D-41B2-B7E4-F4D6681228DC}
	EndGlobalSection
EndGlobal
